
Microsoft Visual Studio Solution File, Format Version 12.00
# Visual Studio 14
VisualStudioVersion = 14.0.25420.1
MinimumVisualStudioVersion = 10.0.40219.1
Project("{FAE04EC0-301F-11D3-BF4B-00C04F79EFBC}") = "LanguageUnderstanding", "Core\LanguageUnderstanding\LanguageUnderstanding.csproj", "{4AEEE029-AB10-48EA-BE69-31029544989E}"
	ProjectSection(ProjectDependencies) = postProject
		{974329C1-D05D-4FE3-A078-FE908B7981E0} = {974329C1-D05D-4FE3-A078-FE908B7981E0}
	EndProjectSection
EndProject
Project("{FAE04EC0-301F-11D3-BF4B-00C04F79EFBC}") = "StandardPlugins", "Plugins\StandardPlugins\StandardPlugins.csproj", "{4B9EA7F3-23A7-4E96-8FE6-BEE73E366BF6}"
EndProject
Project("{2150E333-8FDC-42A3-9474-1A3956D46DE8}") = "Plugins", "Plugins", "{596E9173-5862-49A4-AEF2-C038F38DD152}"
EndProject
Project("{FAE04EC0-301F-11D3-BF4B-00C04F79EFBC}") = "TranslatePlugin", "Plugins\TranslatePlugin\TranslatePlugin.csproj", "{2046FE42-29D2-492C-89A0-8EAFDBD5B9F6}"
EndProject
Project("{FAE04EC0-301F-11D3-BF4B-00C04F79EFBC}") = "DialogTests", "Tests\DialogTests\DialogTests.csproj", "{CCF710BF-4E4E-4D86-A06E-72953FB4EF0A}"
EndProject
Project("{FAE04EC0-301F-11D3-BF4B-00C04F79EFBC}") = "RazorCompile", "Tools\RazorCompile\RazorCompile.csproj", "{B0C1E419-D6B7-4921-AE44-492F764953F2}"
EndProject
Project("{2150E333-8FDC-42A3-9474-1A3956D46DE8}") = "Tests", "Tests", "{2BEA571F-7893-4ADD-A507-21850ED3AC33}"
EndProject
Project("{FAE04EC0-301F-11D3-BF4B-00C04F79EFBC}") = "BVTTestDriver", "Tests\BVTTestDriver\BVTTestDriver.csproj", "{A4B39FCF-2A36-47CF-8FB4-3647EA337765}"
EndProject
Project("{FAE04EC0-301F-11D3-BF4B-00C04F79EFBC}") = "SmartThingsPlugin", "Plugins\SmartThingsPlugin\SmartThingsPlugin.csproj", "{BEDB5BAD-5234-48F0-B184-896A6E455CF4}"
EndProject
Project("{2150E333-8FDC-42A3-9474-1A3956D46DE8}") = "Tools", "Tools", "{C4A42FD7-36CA-4AB2-8E8A-3AC1FFBFB841}"
EndProject
Project("{FAE04EC0-301F-11D3-BF4B-00C04F79EFBC}") = "DialogEngineConsole", "Core\DialogEngineConsole\DialogEngineConsole.csproj", "{A98456FE-46B3-464E-A074-17EAB93AB607}"
EndProject
Project("{FAE04EC0-301F-11D3-BF4B-00C04F79EFBC}") = "DurandalServices", "Tools\DurandalServices\DurandalServices.csproj", "{5E502E92-6EAC-401F-9B31-DF371A046164}"
	ProjectSection(ProjectDependencies) = postProject
		{B0C1E419-D6B7-4921-AE44-492F764953F2} = {B0C1E419-D6B7-4921-AE44-492F764953F2}
	EndProjectSection
EndProject
Project("{2150E333-8FDC-42A3-9474-1A3956D46DE8}") = "Core", "Core", "{68070EF2-D502-4214-AA4A-F007DAF81784}"
EndProject
Project("{FAE04EC0-301F-11D3-BF4B-00C04F79EFBC}") = "Wayfinder", "Tools\Wayfinder\Wayfinder.csproj", "{A2EA08D8-56C0-4D6B-9376-C609DBE71D16}"
EndProject
Project("{FAE04EC0-301F-11D3-BF4B-00C04F79EFBC}") = "CommandLinePackager", "Tools\CommandLinePackager\CommandLinePackager.csproj", "{A9E77B47-0AF9-4620-9B98-0888EF2431A2}"
EndProject
Project("{FAE04EC0-301F-11D3-BF4B-00C04F79EFBC}") = "Durandal.Win32", "Core\Durandal.Win32\Durandal.Win32.csproj", "{5946B5CB-B2D9-4E26-818B-C4666275E802}"
EndProject
Project("{D954291E-2A0B-460D-934E-DC6B0785DB48}") = "Durandal", "Core\Durandal\Durandal.shproj", "{9D309F21-48FA-4B77-A912-4FC3B48597E1}"
EndProject
Project("{FAE04EC0-301F-11D3-BF4B-00C04F79EFBC}") = "Durandal.NetStandard", "Core\Durandal.NetStandard\Durandal.NetStandard.csproj", "{974329C1-D05D-4FE3-A078-FE908B7981E0}"
EndProject
Project("{FAE04EC0-301F-11D3-BF4B-00C04F79EFBC}") = "BasePlugins", "Plugins\BasePlugins\BasePlugins.csproj", "{8D113F6B-4E37-4B7A-ADAC-7D1DB972840D}"
EndProject
Project("{2150E333-8FDC-42A3-9474-1A3956D46DE8}") = "Extensions", "Extensions", "{8DA63BFB-D3ED-42E1-8DA3-32F3028CA8B9}"
EndProject
Project("{FAE04EC0-301F-11D3-BF4B-00C04F79EFBC}") = "CommonViews", "Extensions\CommonViews\CommonViews.csproj", "{167FD2FF-6A3B-45A7-AD98-2E4F096A8E0C}"
EndProject
Project("{FAE04EC0-301F-11D3-BF4B-00C04F79EFBC}") = "Durandal.MySql", "Extensions\Durandal.MySql\Durandal.MySql.csproj", "{1FFA62FF-4057-4824-AD34-0547F4818B41}"
EndProject
Project("{FAE04EC0-301F-11D3-BF4B-00C04F79EFBC}") = "Durandal.SpeechProviders", "Extensions\Durandal.SpeechProviders\Durandal.SpeechProviders.csproj", "{B706BD4D-6ED0-4BAB-A836-890882429EA9}"
EndProject
Project("{FAE04EC0-301F-11D3-BF4B-00C04F79EFBC}") = "Durandal.Net45", "Core\Durandal.Net45\Durandal.Net45.csproj", "{D1858D75-39FD-43D3-857C-B2143DCF0707}"
EndProject
Project("{FAE04EC0-301F-11D3-BF4B-00C04F79EFBC}") = "Durandal.NAudio", "Extensions\Durandal.NAudio\Durandal.NAudio.csproj", "{B80D5C40-B9F8-4C15-B7E3-E53620278433}"
EndProject
Project("{D954291E-2A0B-460D-934E-DC6B0785DB48}") = "Durandal.BondProtocol", "Extensions\Durandal.BondProtocol\Durandal.BondProtocol.shproj", "{ED577D0D-393D-496E-BA0F-1948DD3CD68B}"
EndProject
Project("{FAE04EC0-301F-11D3-BF4B-00C04F79EFBC}") = "Durandal.BondProtocol.Net45", "Extensions\Durandal.BondProtocol.Net45\Durandal.BondProtocol.Net45.csproj", "{D4F661C8-5270-4DB8-91A6-77CD07B5CB58}"
EndProject
Global
	GlobalSection(SharedMSBuildProjectFiles) = preSolution
		Core\Durandal\Durandal.projitems*{974329c1-d05d-4fe3-a078-fe908b7981e0}*SharedItemsImports = 4
		Core\Durandal\Durandal.projitems*{9d309f21-48fa-4b77-a912-4fc3b48597e1}*SharedItemsImports = 13
		Core\Durandal\Durandal.projitems*{d1858d75-39fd-43d3-857c-b2143dcf0707}*SharedItemsImports = 4
		Extensions\Durandal.BondProtocol\Durandal.BondProtocol.projitems*{d4f661c8-5270-4db8-91a6-77cd07b5cb58}*SharedItemsImports = 4
		Extensions\Durandal.BondProtocol\Durandal.BondProtocol.projitems*{ed577d0d-393d-496e-ba0f-1948dd3cd68b}*SharedItemsImports = 13
	EndGlobalSection
	GlobalSection(SolutionConfigurationPlatforms) = preSolution
		Debug|Any CPU = Debug|Any CPU
		Release|Any CPU = Release|Any CPU
	EndGlobalSection
	GlobalSection(ProjectConfigurationPlatforms) = postSolution
		{4AEEE029-AB10-48EA-BE69-31029544989E}.Debug|Any CPU.ActiveCfg = Debug|Any CPU
		{4AEEE029-AB10-48EA-BE69-31029544989E}.Debug|Any CPU.Build.0 = Debug|Any CPU
		{4AEEE029-AB10-48EA-BE69-31029544989E}.Release|Any CPU.ActiveCfg = Release|Any CPU
		{4AEEE029-AB10-48EA-BE69-31029544989E}.Release|Any CPU.Build.0 = Release|Any CPU
		{4B9EA7F3-23A7-4E96-8FE6-BEE73E366BF6}.Debug|Any CPU.ActiveCfg = Debug|Any CPU
		{4B9EA7F3-23A7-4E96-8FE6-BEE73E366BF6}.Debug|Any CPU.Build.0 = Debug|Any CPU
		{4B9EA7F3-23A7-4E96-8FE6-BEE73E366BF6}.Release|Any CPU.ActiveCfg = Release|Any CPU
		{4B9EA7F3-23A7-4E96-8FE6-BEE73E366BF6}.Release|Any CPU.Build.0 = Release|Any CPU
		{2046FE42-29D2-492C-89A0-8EAFDBD5B9F6}.Debug|Any CPU.ActiveCfg = Debug|Any CPU
		{2046FE42-29D2-492C-89A0-8EAFDBD5B9F6}.Debug|Any CPU.Build.0 = Debug|Any CPU
		{2046FE42-29D2-492C-89A0-8EAFDBD5B9F6}.Release|Any CPU.ActiveCfg = Release|Any CPU
		{2046FE42-29D2-492C-89A0-8EAFDBD5B9F6}.Release|Any CPU.Build.0 = Release|Any CPU
		{CCF710BF-4E4E-4D86-A06E-72953FB4EF0A}.Debug|Any CPU.ActiveCfg = Debug|Any CPU
		{CCF710BF-4E4E-4D86-A06E-72953FB4EF0A}.Debug|Any CPU.Build.0 = Debug|Any CPU
		{CCF710BF-4E4E-4D86-A06E-72953FB4EF0A}.Release|Any CPU.ActiveCfg = Release|Any CPU
		{CCF710BF-4E4E-4D86-A06E-72953FB4EF0A}.Release|Any CPU.Build.0 = Release|Any CPU
		{B0C1E419-D6B7-4921-AE44-492F764953F2}.Debug|Any CPU.ActiveCfg = Debug|Any CPU
		{B0C1E419-D6B7-4921-AE44-492F764953F2}.Debug|Any CPU.Build.0 = Debug|Any CPU
		{B0C1E419-D6B7-4921-AE44-492F764953F2}.Release|Any CPU.ActiveCfg = Release|Any CPU
		{B0C1E419-D6B7-4921-AE44-492F764953F2}.Release|Any CPU.Build.0 = Release|Any CPU
		{A4B39FCF-2A36-47CF-8FB4-3647EA337765}.Debug|Any CPU.ActiveCfg = Debug|Any CPU
		{A4B39FCF-2A36-47CF-8FB4-3647EA337765}.Debug|Any CPU.Build.0 = Debug|Any CPU
		{A4B39FCF-2A36-47CF-8FB4-3647EA337765}.Release|Any CPU.ActiveCfg = Release|Any CPU
		{A4B39FCF-2A36-47CF-8FB4-3647EA337765}.Release|Any CPU.Build.0 = Release|Any CPU
		{BEDB5BAD-5234-48F0-B184-896A6E455CF4}.Debug|Any CPU.ActiveCfg = Debug|Any CPU
		{BEDB5BAD-5234-48F0-B184-896A6E455CF4}.Debug|Any CPU.Build.0 = Debug|Any CPU
		{BEDB5BAD-5234-48F0-B184-896A6E455CF4}.Release|Any CPU.ActiveCfg = Release|Any CPU
		{BEDB5BAD-5234-48F0-B184-896A6E455CF4}.Release|Any CPU.Build.0 = Release|Any CPU
		{A98456FE-46B3-464E-A074-17EAB93AB607}.Debug|Any CPU.ActiveCfg = Debug|Any CPU
		{A98456FE-46B3-464E-A074-17EAB93AB607}.Debug|Any CPU.Build.0 = Debug|Any CPU
		{A98456FE-46B3-464E-A074-17EAB93AB607}.Release|Any CPU.ActiveCfg = Release|Any CPU
		{A98456FE-46B3-464E-A074-17EAB93AB607}.Release|Any CPU.Build.0 = Release|Any CPU
		{5E502E92-6EAC-401F-9B31-DF371A046164}.Debug|Any CPU.ActiveCfg = Debug|Any CPU
		{5E502E92-6EAC-401F-9B31-DF371A046164}.Debug|Any CPU.Build.0 = Debug|Any CPU
		{5E502E92-6EAC-401F-9B31-DF371A046164}.Release|Any CPU.ActiveCfg = Release|Any CPU
		{5E502E92-6EAC-401F-9B31-DF371A046164}.Release|Any CPU.Build.0 = Release|Any CPU
		{A2EA08D8-56C0-4D6B-9376-C609DBE71D16}.Debug|Any CPU.ActiveCfg = Debug|Any CPU
		{A2EA08D8-56C0-4D6B-9376-C609DBE71D16}.Debug|Any CPU.Build.0 = Debug|Any CPU
		{A2EA08D8-56C0-4D6B-9376-C609DBE71D16}.Release|Any CPU.ActiveCfg = Release|Any CPU
		{A2EA08D8-56C0-4D6B-9376-C609DBE71D16}.Release|Any CPU.Build.0 = Release|Any CPU
		{A9E77B47-0AF9-4620-9B98-0888EF2431A2}.Debug|Any CPU.ActiveCfg = Debug|Any CPU
		{A9E77B47-0AF9-4620-9B98-0888EF2431A2}.Debug|Any CPU.Build.0 = Debug|Any CPU
		{A9E77B47-0AF9-4620-9B98-0888EF2431A2}.Release|Any CPU.ActiveCfg = Release|Any CPU
		{A9E77B47-0AF9-4620-9B98-0888EF2431A2}.Release|Any CPU.Build.0 = Release|Any CPU
		{5946B5CB-B2D9-4E26-818B-C4666275E802}.Debug|Any CPU.ActiveCfg = Debug|Any CPU
		{5946B5CB-B2D9-4E26-818B-C4666275E802}.Debug|Any CPU.Build.0 = Debug|Any CPU
		{5946B5CB-B2D9-4E26-818B-C4666275E802}.Release|Any CPU.ActiveCfg = Release|Any CPU
		{5946B5CB-B2D9-4E26-818B-C4666275E802}.Release|Any CPU.Build.0 = Release|Any CPU
		{974329C1-D05D-4FE3-A078-FE908B7981E0}.Debug|Any CPU.ActiveCfg = Debug|Any CPU
		{974329C1-D05D-4FE3-A078-FE908B7981E0}.Debug|Any CPU.Build.0 = Debug|Any CPU
		{974329C1-D05D-4FE3-A078-FE908B7981E0}.Release|Any CPU.ActiveCfg = Release|Any CPU
		{974329C1-D05D-4FE3-A078-FE908B7981E0}.Release|Any CPU.Build.0 = Release|Any CPU
		{8D113F6B-4E37-4B7A-ADAC-7D1DB972840D}.Debug|Any CPU.ActiveCfg = Debug|Any CPU
		{8D113F6B-4E37-4B7A-ADAC-7D1DB972840D}.Debug|Any CPU.Build.0 = Debug|Any CPU
		{8D113F6B-4E37-4B7A-ADAC-7D1DB972840D}.Release|Any CPU.ActiveCfg = Release|Any CPU
		{8D113F6B-4E37-4B7A-ADAC-7D1DB972840D}.Release|Any CPU.Build.0 = Release|Any CPU
		{167FD2FF-6A3B-45A7-AD98-2E4F096A8E0C}.Debug|Any CPU.ActiveCfg = Debug|Any CPU
		{167FD2FF-6A3B-45A7-AD98-2E4F096A8E0C}.Debug|Any CPU.Build.0 = Debug|Any CPU
		{167FD2FF-6A3B-45A7-AD98-2E4F096A8E0C}.Release|Any CPU.ActiveCfg = Release|Any CPU
		{167FD2FF-6A3B-45A7-AD98-2E4F096A8E0C}.Release|Any CPU.Build.0 = Release|Any CPU
		{1FFA62FF-4057-4824-AD34-0547F4818B41}.Debug|Any CPU.ActiveCfg = Debug|Any CPU
		{1FFA62FF-4057-4824-AD34-0547F4818B41}.Debug|Any CPU.Build.0 = Debug|Any CPU
		{1FFA62FF-4057-4824-AD34-0547F4818B41}.Release|Any CPU.ActiveCfg = Release|Any CPU
		{1FFA62FF-4057-4824-AD34-0547F4818B41}.Release|Any CPU.Build.0 = Release|Any CPU
		{B706BD4D-6ED0-4BAB-A836-890882429EA9}.Debug|Any CPU.ActiveCfg = Debug|Any CPU
		{B706BD4D-6ED0-4BAB-A836-890882429EA9}.Debug|Any CPU.Build.0 = Debug|Any CPU
		{B706BD4D-6ED0-4BAB-A836-890882429EA9}.Release|Any CPU.ActiveCfg = Release|Any CPU
		{B706BD4D-6ED0-4BAB-A836-890882429EA9}.Release|Any CPU.Build.0 = Release|Any CPU
		{D1858D75-39FD-43D3-857C-B2143DCF0707}.Debug|Any CPU.ActiveCfg = Debug|Any CPU
		{D1858D75-39FD-43D3-857C-B2143DCF0707}.Debug|Any CPU.Build.0 = Debug|Any CPU
		{D1858D75-39FD-43D3-857C-B2143DCF0707}.Release|Any CPU.ActiveCfg = Release|Any CPU
		{D1858D75-39FD-43D3-857C-B2143DCF0707}.Release|Any CPU.Build.0 = Release|Any CPU
		{B80D5C40-B9F8-4C15-B7E3-E53620278433}.Debug|Any CPU.ActiveCfg = Debug|Any CPU
		{B80D5C40-B9F8-4C15-B7E3-E53620278433}.Debug|Any CPU.Build.0 = Debug|Any CPU
		{B80D5C40-B9F8-4C15-B7E3-E53620278433}.Release|Any CPU.ActiveCfg = Release|Any CPU
		{B80D5C40-B9F8-4C15-B7E3-E53620278433}.Release|Any CPU.Build.0 = Release|Any CPU
		{D4F661C8-5270-4DB8-91A6-77CD07B5CB58}.Debug|Any CPU.ActiveCfg = Debug|Any CPU
		{D4F661C8-5270-4DB8-91A6-77CD07B5CB58}.Debug|Any CPU.Build.0 = Debug|Any CPU
		{D4F661C8-5270-4DB8-91A6-77CD07B5CB58}.Release|Any CPU.ActiveCfg = Release|Any CPU
		{D4F661C8-5270-4DB8-91A6-77CD07B5CB58}.Release|Any CPU.Build.0 = Release|Any CPU
	EndGlobalSection
	GlobalSection(SolutionProperties) = preSolution
		HideSolutionNode = FALSE
	EndGlobalSection
	GlobalSection(NestedProjects) = preSolution
		{4AEEE029-AB10-48EA-BE69-31029544989E} = {68070EF2-D502-4214-AA4A-F007DAF81784}
		{4B9EA7F3-23A7-4E96-8FE6-BEE73E366BF6} = {596E9173-5862-49A4-AEF2-C038F38DD152}
		{2046FE42-29D2-492C-89A0-8EAFDBD5B9F6} = {596E9173-5862-49A4-AEF2-C038F38DD152}
		{CCF710BF-4E4E-4D86-A06E-72953FB4EF0A} = {2BEA571F-7893-4ADD-A507-21850ED3AC33}
		{B0C1E419-D6B7-4921-AE44-492F764953F2} = {C4A42FD7-36CA-4AB2-8E8A-3AC1FFBFB841}
		{A4B39FCF-2A36-47CF-8FB4-3647EA337765} = {2BEA571F-7893-4ADD-A507-21850ED3AC33}
		{BEDB5BAD-5234-48F0-B184-896A6E455CF4} = {596E9173-5862-49A4-AEF2-C038F38DD152}
		{A98456FE-46B3-464E-A074-17EAB93AB607} = {68070EF2-D502-4214-AA4A-F007DAF81784}
		{5E502E92-6EAC-401F-9B31-DF371A046164} = {C4A42FD7-36CA-4AB2-8E8A-3AC1FFBFB841}
		{A2EA08D8-56C0-4D6B-9376-C609DBE71D16} = {C4A42FD7-36CA-4AB2-8E8A-3AC1FFBFB841}
		{A9E77B47-0AF9-4620-9B98-0888EF2431A2} = {C4A42FD7-36CA-4AB2-8E8A-3AC1FFBFB841}
		{5946B5CB-B2D9-4E26-818B-C4666275E802} = {68070EF2-D502-4214-AA4A-F007DAF81784}
		{9D309F21-48FA-4B77-A912-4FC3B48597E1} = {68070EF2-D502-4214-AA4A-F007DAF81784}
		{974329C1-D05D-4FE3-A078-FE908B7981E0} = {68070EF2-D502-4214-AA4A-F007DAF81784}
		{8D113F6B-4E37-4B7A-ADAC-7D1DB972840D} = {596E9173-5862-49A4-AEF2-C038F38DD152}
		{167FD2FF-6A3B-45A7-AD98-2E4F096A8E0C} = {8DA63BFB-D3ED-42E1-8DA3-32F3028CA8B9}
		{1FFA62FF-4057-4824-AD34-0547F4818B41} = {8DA63BFB-D3ED-42E1-8DA3-32F3028CA8B9}
		{B706BD4D-6ED0-4BAB-A836-890882429EA9} = {8DA63BFB-D3ED-42E1-8DA3-32F3028CA8B9}
		{D1858D75-39FD-43D3-857C-B2143DCF0707} = {68070EF2-D502-4214-AA4A-F007DAF81784}
		{B80D5C40-B9F8-4C15-B7E3-E53620278433} = {8DA63BFB-D3ED-42E1-8DA3-32F3028CA8B9}
		{ED577D0D-393D-496E-BA0F-1948DD3CD68B} = {8DA63BFB-D3ED-42E1-8DA3-32F3028CA8B9}
		{D4F661C8-5270-4DB8-91A6-77CD07B5CB58} = {8DA63BFB-D3ED-42E1-8DA3-32F3028CA8B9}
	EndGlobalSection
	GlobalSection(ExtensibilityGlobals) = postSolution
		VisualSVNWorkingCopyRoot = .
	EndGlobalSection
	GlobalSection(TestCaseManagementSettings) = postSolution
		CategoryFile = Durandal.vsmdi
	EndGlobalSection
EndGlobal
